
Microsoft Visual Studio Solution File, Format Version 12.00
# Visual Studio 15
Project("{FAE04EC0-301F-11D3-BF4B-00C04F79EFBC}") = "VRC.Udon.Serialization.OdinSerializer", "VRC.Udon.Serialization.OdinSerializer.csproj", "{C6CBF3D2-855A-05D7-3CC1-9D72447B77E5}"
EndProject
Project("{FAE04EC0-301F-11D3-BF4B-00C04F79EFBC}") = "VRC.Udon", "VRC.Udon.csproj", "{CD6372C4-4CE8-4D40-2ECC-785CBA376096}"
EndProject
Project("{FAE04EC0-301F-11D3-BF4B-00C04F79EFBC}") = "UdonSharp.Runtime", "UdonSharp.Runtime.csproj", "{7BF2F308-D230-70C0-AF3C-0A3AD7D0D038}"
EndProject
Project("{FAE04EC0-301F-11D3-BF4B-00C04F79EFBC}") = "Assembly-CSharp", "Assembly-CSharp.csproj", "{705354FC-2B5C-E2C3-5B96-E76D3D36265D}"
EndProject
Project("{FAE04EC0-301F-11D3-BF4B-00C04F79EFBC}") = "VRC.Enums.Validation.Performance", "VRC.Enums.Validation.Performance.csproj", "{F20C245F-B1C1-986B-E5E0-0B277FD6F535}"
EndProject
Project("{FAE04EC0-301F-11D3-BF4B-00C04F79EFBC}") = "VRC.SDKBase.Editor.BuildPipeline", "VRC.SDKBase.Editor.BuildPipeline.csproj", "{3AF130CF-46CB-35BA-BA99-48B996753D76}"
EndProject
Project("{FAE04EC0-301F-11D3-BF4B-00C04F79EFBC}") = "UdonSharp.Editor", "UdonSharp.Editor.csproj", "{370EB52B-7364-BEDC-115A-96290179D174}"
EndProject
Project("{FAE04EC0-301F-11D3-BF4B-00C04F79EFBC}") = "Assembly-CSharp-Editor", "Assembly-CSharp-Editor.csproj", "{56596C9C-86B0-35E1-D956-528D07D28BEF}"
EndProject
Project("{FAE04EC0-301F-11D3-BF4B-00C04F79EFBC}") = "VRC.Udon.Editor", "VRC.Udon.Editor.csproj", "{93D79634-C67E-D9D9-3B7D-4BB684990615}"
EndProject
Project("{FAE04EC0-301F-11D3-BF4B-00C04F79EFBC}") = "VRC.SDKBase.Editor.ShaderStripping", "VRC.SDKBase.Editor.ShaderStripping.csproj", "{DD82186C-3A05-8142-162D-E65BF7B0EB0A}"
EndProject
Project("{FAE04EC0-301F-11D3-BF4B-00C04F79EFBC}") = "UnityEditorTests", "UnityEditorTests.csproj", "{6C0BF6FD-9D8A-2DA9-8996-3D7C225F1A56}"
EndProject
Project("{FAE04EC0-301F-11D3-BF4B-00C04F79EFBC}") = "VRC.Udon.Editor.UPMImporter", "VRC.Udon.Editor.UPMImporter.csproj", "{27EE80EB-385A-3001-5601-3FE01361DA44}"
EndProject
Global
	GlobalSection(SolutionConfigurationPlatforms) = preSolution
		Debug|Any CPU = Debug|Any CPU
		Release|Any CPU = Release|Any CPU
	EndGlobalSection
	GlobalSection(ProjectConfigurationPlatforms) = postSolution
		{C6CBF3D2-855A-05D7-3CC1-9D72447B77E5}.Debug|Any CPU.ActiveCfg = Debug|Any CPU
		{C6CBF3D2-855A-05D7-3CC1-9D72447B77E5}.Debug|Any CPU.Build.0 = Debug|Any CPU
		{C6CBF3D2-855A-05D7-3CC1-9D72447B77E5}.Release|Any CPU.ActiveCfg = Release|Any CPU
		{C6CBF3D2-855A-05D7-3CC1-9D72447B77E5}.Release|Any CPU.Build.0 = Release|Any CPU
		{CD6372C4-4CE8-4D40-2ECC-785CBA376096}.Debug|Any CPU.ActiveCfg = Debug|Any CPU
		{CD6372C4-4CE8-4D40-2ECC-785CBA376096}.Debug|Any CPU.Build.0 = Debug|Any CPU
		{CD6372C4-4CE8-4D40-2ECC-785CBA376096}.Release|Any CPU.ActiveCfg = Release|Any CPU
		{CD6372C4-4CE8-4D40-2ECC-785CBA376096}.Release|Any CPU.Build.0 = Release|Any CPU
		{7BF2F308-D230-70C0-AF3C-0A3AD7D0D038}.Debug|Any CPU.ActiveCfg = Debug|Any CPU
		{7BF2F308-D230-70C0-AF3C-0A3AD7D0D038}.Debug|Any CPU.Build.0 = Debug|Any CPU
		{7BF2F308-D230-70C0-AF3C-0A3AD7D0D038}.Release|Any CPU.ActiveCfg = Release|Any CPU
		{7BF2F308-D230-70C0-AF3C-0A3AD7D0D038}.Release|Any CPU.Build.0 = Release|Any CPU
		{705354FC-2B5C-E2C3-5B96-E76D3D36265D}.Debug|Any CPU.ActiveCfg = Debug|Any CPU
		{705354FC-2B5C-E2C3-5B96-E76D3D36265D}.Debug|Any CPU.Build.0 = Debug|Any CPU
		{705354FC-2B5C-E2C3-5B96-E76D3D36265D}.Release|Any CPU.ActiveCfg = Release|Any CPU
		{705354FC-2B5C-E2C3-5B96-E76D3D36265D}.Release|Any CPU.Build.0 = Release|Any CPU
		{F20C245F-B1C1-986B-E5E0-0B277FD6F535}.Debug|Any CPU.ActiveCfg = Debug|Any CPU
		{F20C245F-B1C1-986B-E5E0-0B277FD6F535}.Debug|Any CPU.Build.0 = Debug|Any CPU
		{F20C245F-B1C1-986B-E5E0-0B277FD6F535}.Release|Any CPU.ActiveCfg = Release|Any CPU
		{F20C245F-B1C1-986B-E5E0-0B277FD6F535}.Release|Any CPU.Build.0 = Release|Any CPU
		{3AF130CF-46CB-35BA-BA99-48B996753D76}.Debug|Any CPU.ActiveCfg = Debug|Any CPU
		{3AF130CF-46CB-35BA-BA99-48B996753D76}.Debug|Any CPU.Build.0 = Debug|Any CPU
		{3AF130CF-46CB-35BA-BA99-48B996753D76}.Release|Any CPU.ActiveCfg = Release|Any CPU
		{3AF130CF-46CB-35BA-BA99-48B996753D76}.Release|Any CPU.Build.0 = Release|Any CPU
		{370EB52B-7364-BEDC-115A-96290179D174}.Debug|Any CPU.ActiveCfg = Debug|Any CPU
		{370EB52B-7364-BEDC-115A-96290179D174}.Debug|Any CPU.Build.0 = Debug|Any CPU
		{370EB52B-7364-BEDC-115A-96290179D174}.Release|Any CPU.ActiveCfg = Release|Any CPU
		{370EB52B-7364-BEDC-115A-96290179D174}.Release|Any CPU.Build.0 = Release|Any CPU
		{56596C9C-86B0-35E1-D956-528D07D28BEF}.Debug|Any CPU.ActiveCfg = Debug|Any CPU
		{56596C9C-86B0-35E1-D956-528D07D28BEF}.Debug|Any CPU.Build.0 = Debug|Any CPU
		{56596C9C-86B0-35E1-D956-528D07D28BEF}.Release|Any CPU.ActiveCfg = Release|Any CPU
		{56596C9C-86B0-35E1-D956-528D07D28BEF}.Release|Any CPU.Build.0 = Release|Any CPU
		{93D79634-C67E-D9D9-3B7D-4BB684990615}.Debug|Any CPU.ActiveCfg = Debug|Any CPU
		{93D79634-C67E-D9D9-3B7D-4BB684990615}.Debug|Any CPU.Build.0 = Debug|Any CPU
		{93D79634-C67E-D9D9-3B7D-4BB684990615}.Release|Any CPU.ActiveCfg = Release|Any CPU
		{93D79634-C67E-D9D9-3B7D-4BB684990615}.Release|Any CPU.Build.0 = Release|Any CPU
		{DD82186C-3A05-8142-162D-E65BF7B0EB0A}.Debug|Any CPU.ActiveCfg = Debug|Any CPU
		{DD82186C-3A05-8142-162D-E65BF7B0EB0A}.Debug|Any CPU.Build.0 = Debug|Any CPU
		{DD82186C-3A05-8142-162D-E65BF7B0EB0A}.Release|Any CPU.ActiveCfg = Release|Any CPU
		{DD82186C-3A05-8142-162D-E65BF7B0EB0A}.Release|Any CPU.Build.0 = Release|Any CPU
		{6C0BF6FD-9D8A-2DA9-8996-3D7C225F1A56}.Debug|Any CPU.ActiveCfg = Debug|Any CPU
		{6C0BF6FD-9D8A-2DA9-8996-3D7C225F1A56}.Debug|Any CPU.Build.0 = Debug|Any CPU
		{6C0BF6FD-9D8A-2DA9-8996-3D7C225F1A56}.Release|Any CPU.ActiveCfg = Release|Any CPU
		{6C0BF6FD-9D8A-2DA9-8996-3D7C225F1A56}.Release|Any CPU.Build.0 = Release|Any CPU
		{27EE80EB-385A-3001-5601-3FE01361DA44}.Debug|Any CPU.ActiveCfg = Debug|Any CPU
		{27EE80EB-385A-3001-5601-3FE01361DA44}.Debug|Any CPU.Build.0 = Debug|Any CPU
		{27EE80EB-385A-3001-5601-3FE01361DA44}.Release|Any CPU.ActiveCfg = Release|Any CPU
		{27EE80EB-385A-3001-5601-3FE01361DA44}.Release|Any CPU.Build.0 = Release|Any CPU
	EndGlobalSection
	GlobalSection(SolutionProperties) = preSolution
		HideSolutionNode = FALSE
	EndGlobalSection
EndGlobal
